
Microsoft Visual Studio Solution File, Format Version 12.00
Project("{FAE04EC0-301F-11D3-BF4B-00C04F79EFBC}") = "Day_03", "Day_03\Day_03.csproj", "{1FF19DD7-B242-4160-A1D9-BB9B75E8F662}"
EndProject
Project("{FAE04EC0-301F-11D3-BF4B-00C04F79EFBC}") = "Day_04", "Day_04\Day_04.csproj", "{9E795F02-AD9C-44DE-9A77-00389E27A5C4}"
EndProject
Project("{FAE04EC0-301F-11D3-BF4B-00C04F79EFBC}") = "Day_05", "Day_05\Day_05.csproj", "{49F577BC-6948-40DF-8AB3-9B710EABDA06}"
EndProject
Project("{FAE04EC0-301F-11D3-BF4B-00C04F79EFBC}") = "Day_06", "Day_06\Day_06.csproj", "{051C1D96-896D-43AC-9BE3-481FF774B945}"
EndProject
Project("{FAE04EC0-301F-11D3-BF4B-00C04F79EFBC}") = "Day_07", "Day_07\Day_07.csproj", "{9FA71153-3EAB-4A39-8AEE-B5F57E828A1D}"
EndProject
Global
	GlobalSection(SolutionConfigurationPlatforms) = preSolution
		Debug|Any CPU = Debug|Any CPU
		Release|Any CPU = Release|Any CPU
	EndGlobalSection
	GlobalSection(ProjectConfigurationPlatforms) = postSolution
		{1FF19DD7-B242-4160-A1D9-BB9B75E8F662}.Debug|Any CPU.ActiveCfg = Debug|Any CPU
		{1FF19DD7-B242-4160-A1D9-BB9B75E8F662}.Debug|Any CPU.Build.0 = Debug|Any CPU
		{1FF19DD7-B242-4160-A1D9-BB9B75E8F662}.Release|Any CPU.ActiveCfg = Release|Any CPU
		{1FF19DD7-B242-4160-A1D9-BB9B75E8F662}.Release|Any CPU.Build.0 = Release|Any CPU
		{9E795F02-AD9C-44DE-9A77-00389E27A5C4}.Debug|Any CPU.ActiveCfg = Debug|Any CPU
		{9E795F02-AD9C-44DE-9A77-00389E27A5C4}.Debug|Any CPU.Build.0 = Debug|Any CPU
		{9E795F02-AD9C-44DE-9A77-00389E27A5C4}.Release|Any CPU.ActiveCfg = Release|Any CPU
		{9E795F02-AD9C-44DE-9A77-00389E27A5C4}.Release|Any CPU.Build.0 = Release|Any CPU
		{49F577BC-6948-40DF-8AB3-9B710EABDA06}.Debug|Any CPU.ActiveCfg = Debug|Any CPU
		{49F577BC-6948-40DF-8AB3-9B710EABDA06}.Debug|Any CPU.Build.0 = Debug|Any CPU
		{49F577BC-6948-40DF-8AB3-9B710EABDA06}.Release|Any CPU.ActiveCfg = Release|Any CPU
		{49F577BC-6948-40DF-8AB3-9B710EABDA06}.Release|Any CPU.Build.0 = Release|Any CPU
		{051C1D96-896D-43AC-9BE3-481FF774B945}.Debug|Any CPU.ActiveCfg = Debug|Any CPU
		{051C1D96-896D-43AC-9BE3-481FF774B945}.Debug|Any CPU.Build.0 = Debug|Any CPU
		{051C1D96-896D-43AC-9BE3-481FF774B945}.Release|Any CPU.ActiveCfg = Release|Any CPU
		{051C1D96-896D-43AC-9BE3-481FF774B945}.Release|Any CPU.Build.0 = Release|Any CPU
		{9FA71153-3EAB-4A39-8AEE-B5F57E828A1D}.Debug|Any CPU.ActiveCfg = Debug|Any CPU
		{9FA71153-3EAB-4A39-8AEE-B5F57E828A1D}.Debug|Any CPU.Build.0 = Debug|Any CPU
		{9FA71153-3EAB-4A39-8AEE-B5F57E828A1D}.Release|Any CPU.ActiveCfg = Release|Any CPU
		{9FA71153-3EAB-4A39-8AEE-B5F57E828A1D}.Release|Any CPU.Build.0 = Release|Any CPU
	EndGlobalSection
EndGlobal
