
Microsoft Visual Studio Solution File, Format Version 12.00
# Visual Studio Version 17
VisualStudioVersion = 17.8.34525.116
MinimumVisualStudioVersion = 10.0.40219.1
Project("{9A19103F-16F7-4668-BE54-9A1E7A4F7556}") = "Day_03", "Day_03\Day_03.csproj", "{1FF19DD7-B242-4160-A1D9-BB9B75E8F662}"
EndProject
Project("{9A19103F-16F7-4668-BE54-9A1E7A4F7556}") = "Day_04", "Day_04\Day_04.csproj", "{9E795F02-AD9C-44DE-9A77-00389E27A5C4}"
EndProject
Project("{9A19103F-16F7-4668-BE54-9A1E7A4F7556}") = "Day_05", "Day_05\Day_05.csproj", "{49F577BC-6948-40DF-8AB3-9B710EABDA06}"
EndProject
Project("{9A19103F-16F7-4668-BE54-9A1E7A4F7556}") = "Day_06", "Day_06\Day_06.csproj", "{051C1D96-896D-43AC-9BE3-481FF774B945}"
EndProject
Project("{9A19103F-16F7-4668-BE54-9A1E7A4F7556}") = "Day_07", "Day_07\Day_07.csproj", "{9FA71153-3EAB-4A39-8AEE-B5F57E828A1D}"
EndProject
Project("{9A19103F-16F7-4668-BE54-9A1E7A4F7556}") = "Day_08", "Day_08\Day_08.csproj", "{88BE319C-34F5-46AB-811E-623CFF5C9A95}"
EndProject
Project("{9A19103F-16F7-4668-BE54-9A1E7A4F7556}") = "Day_09", "Day_09\Day_09.csproj", "{28BB9F90-3E15-4BDD-841F-082FCF4D466A}"
EndProject
Project("{9A19103F-16F7-4668-BE54-9A1E7A4F7556}") = "Day_10", "Day_10\Day_10.csproj", "{B1F77F9B-51A8-4E23-85FA-6722D6CDA8CA}"
EndProject
Project("{9A19103F-16F7-4668-BE54-9A1E7A4F7556}") = "Day_11", "Day_11\Day_11.csproj", "{9F711705-3B79-4970-BFFA-A68ACE7596E1}"
EndProject
Project("{9A19103F-16F7-4668-BE54-9A1E7A4F7556}") = "Day_12", "Day_12\Day_12.csproj", "{7F95987B-FC3F-49A5-92A5-BA88E751A13F}"
EndProject
Project("{FAE04EC0-301F-11D3-BF4B-00C04F79EFBC}") = "Day_13", "Day_13\Day_13.csproj", "{07EACAFE-D0A1-4E41-8FFF-E03A2B253630}"
EndProject
Project("{FAE04EC0-301F-11D3-BF4B-00C04F79EFBC}") = "Day_15", "Day_15\Day_15.csproj", "{C8F2E31B-857B-4C10-8149-5FA77629D86D}"
EndProject
Global
	GlobalSection(SolutionConfigurationPlatforms) = preSolution
		Debug|Any CPU = Debug|Any CPU
		Release|Any CPU = Release|Any CPU
	EndGlobalSection
	GlobalSection(ProjectConfigurationPlatforms) = postSolution
		{1FF19DD7-B242-4160-A1D9-BB9B75E8F662}.Debug|Any CPU.ActiveCfg = Debug|Any CPU
		{1FF19DD7-B242-4160-A1D9-BB9B75E8F662}.Debug|Any CPU.Build.0 = Debug|Any CPU
		{1FF19DD7-B242-4160-A1D9-BB9B75E8F662}.Release|Any CPU.ActiveCfg = Release|Any CPU
		{1FF19DD7-B242-4160-A1D9-BB9B75E8F662}.Release|Any CPU.Build.0 = Release|Any CPU
		{9E795F02-AD9C-44DE-9A77-00389E27A5C4}.Debug|Any CPU.ActiveCfg = Debug|Any CPU
		{9E795F02-AD9C-44DE-9A77-00389E27A5C4}.Debug|Any CPU.Build.0 = Debug|Any CPU
		{9E795F02-AD9C-44DE-9A77-00389E27A5C4}.Release|Any CPU.ActiveCfg = Release|Any CPU
		{9E795F02-AD9C-44DE-9A77-00389E27A5C4}.Release|Any CPU.Build.0 = Release|Any CPU
		{49F577BC-6948-40DF-8AB3-9B710EABDA06}.Debug|Any CPU.ActiveCfg = Debug|Any CPU
		{49F577BC-6948-40DF-8AB3-9B710EABDA06}.Debug|Any CPU.Build.0 = Debug|Any CPU
		{49F577BC-6948-40DF-8AB3-9B710EABDA06}.Release|Any CPU.ActiveCfg = Release|Any CPU
		{49F577BC-6948-40DF-8AB3-9B710EABDA06}.Release|Any CPU.Build.0 = Release|Any CPU
		{051C1D96-896D-43AC-9BE3-481FF774B945}.Debug|Any CPU.ActiveCfg = Debug|Any CPU
		{051C1D96-896D-43AC-9BE3-481FF774B945}.Debug|Any CPU.Build.0 = Debug|Any CPU
		{051C1D96-896D-43AC-9BE3-481FF774B945}.Release|Any CPU.ActiveCfg = Release|Any CPU
		{051C1D96-896D-43AC-9BE3-481FF774B945}.Release|Any CPU.Build.0 = Release|Any CPU
		{9FA71153-3EAB-4A39-8AEE-B5F57E828A1D}.Debug|Any CPU.ActiveCfg = Debug|Any CPU
		{9FA71153-3EAB-4A39-8AEE-B5F57E828A1D}.Debug|Any CPU.Build.0 = Debug|Any CPU
		{9FA71153-3EAB-4A39-8AEE-B5F57E828A1D}.Release|Any CPU.ActiveCfg = Release|Any CPU
		{9FA71153-3EAB-4A39-8AEE-B5F57E828A1D}.Release|Any CPU.Build.0 = Release|Any CPU
		{88BE319C-34F5-46AB-811E-623CFF5C9A95}.Debug|Any CPU.ActiveCfg = Debug|Any CPU
		{88BE319C-34F5-46AB-811E-623CFF5C9A95}.Debug|Any CPU.Build.0 = Debug|Any CPU
		{88BE319C-34F5-46AB-811E-623CFF5C9A95}.Release|Any CPU.ActiveCfg = Release|Any CPU
		{88BE319C-34F5-46AB-811E-623CFF5C9A95}.Release|Any CPU.Build.0 = Release|Any CPU
		{28BB9F90-3E15-4BDD-841F-082FCF4D466A}.Debug|Any CPU.ActiveCfg = Debug|Any CPU
		{28BB9F90-3E15-4BDD-841F-082FCF4D466A}.Debug|Any CPU.Build.0 = Debug|Any CPU
		{28BB9F90-3E15-4BDD-841F-082FCF4D466A}.Release|Any CPU.ActiveCfg = Release|Any CPU
		{28BB9F90-3E15-4BDD-841F-082FCF4D466A}.Release|Any CPU.Build.0 = Release|Any CPU
		{B1F77F9B-51A8-4E23-85FA-6722D6CDA8CA}.Debug|Any CPU.ActiveCfg = Debug|Any CPU
		{B1F77F9B-51A8-4E23-85FA-6722D6CDA8CA}.Debug|Any CPU.Build.0 = Debug|Any CPU
		{B1F77F9B-51A8-4E23-85FA-6722D6CDA8CA}.Release|Any CPU.ActiveCfg = Release|Any CPU
		{B1F77F9B-51A8-4E23-85FA-6722D6CDA8CA}.Release|Any CPU.Build.0 = Release|Any CPU
		{9F711705-3B79-4970-BFFA-A68ACE7596E1}.Debug|Any CPU.ActiveCfg = Debug|Any CPU
		{9F711705-3B79-4970-BFFA-A68ACE7596E1}.Debug|Any CPU.Build.0 = Debug|Any CPU
		{9F711705-3B79-4970-BFFA-A68ACE7596E1}.Release|Any CPU.ActiveCfg = Release|Any CPU
		{9F711705-3B79-4970-BFFA-A68ACE7596E1}.Release|Any CPU.Build.0 = Release|Any CPU
		{7F95987B-FC3F-49A5-92A5-BA88E751A13F}.Debug|Any CPU.ActiveCfg = Debug|Any CPU
		{7F95987B-FC3F-49A5-92A5-BA88E751A13F}.Debug|Any CPU.Build.0 = Debug|Any CPU
		{7F95987B-FC3F-49A5-92A5-BA88E751A13F}.Release|Any CPU.ActiveCfg = Release|Any CPU
		{7F95987B-FC3F-49A5-92A5-BA88E751A13F}.Release|Any CPU.Build.0 = Release|Any CPU
		{07EACAFE-D0A1-4E41-8FFF-E03A2B253630}.Debug|Any CPU.ActiveCfg = Debug|Any CPU
		{07EACAFE-D0A1-4E41-8FFF-E03A2B253630}.Debug|Any CPU.Build.0 = Debug|Any CPU
		{07EACAFE-D0A1-4E41-8FFF-E03A2B253630}.Release|Any CPU.ActiveCfg = Release|Any CPU
		{07EACAFE-D0A1-4E41-8FFF-E03A2B253630}.Release|Any CPU.Build.0 = Release|Any CPU
		{C8F2E31B-857B-4C10-8149-5FA77629D86D}.Debug|Any CPU.ActiveCfg = Debug|Any CPU
		{C8F2E31B-857B-4C10-8149-5FA77629D86D}.Debug|Any CPU.Build.0 = Debug|Any CPU
		{C8F2E31B-857B-4C10-8149-5FA77629D86D}.Release|Any CPU.ActiveCfg = Release|Any CPU
		{C8F2E31B-857B-4C10-8149-5FA77629D86D}.Release|Any CPU.Build.0 = Release|Any CPU
	EndGlobalSection
	GlobalSection(SolutionProperties) = preSolution
		HideSolutionNode = FALSE
	EndGlobalSection
	GlobalSection(ExtensibilityGlobals) = postSolution
		SolutionGuid = {64425558-3605-4719-B6DC-D45C3175FBC3}
	EndGlobalSection
EndGlobal
