
Microsoft Visual Studio Solution File, Format Version 12.00
# Visual Studio Version 17
VisualStudioVersion = 17.4.33205.214
MinimumVisualStudioVersion = 10.0.40219.1
Project("{FAE04EC0-301F-11D3-BF4B-00C04F79EFBC}") = "Day16", "Day16.csproj", "{DA5A0C1C-2381-4D4A-8E3A-DAB5D565DA71}"
EndProject
Global
	GlobalSection(SolutionConfigurationPlatforms) = preSolution
		Debug|Any CPU = Debug|Any CPU
		Release|Any CPU = Release|Any CPU
	EndGlobalSection
	GlobalSection(ProjectConfigurationPlatforms) = postSolution
		{DA5A0C1C-2381-4D4A-8E3A-DAB5D565DA71}.Debug|Any CPU.ActiveCfg = Debug|Any CPU
		{DA5A0C1C-2381-4D4A-8E3A-DAB5D565DA71}.Debug|Any CPU.Build.0 = Debug|Any CPU
		{DA5A0C1C-2381-4D4A-8E3A-DAB5D565DA71}.Release|Any CPU.ActiveCfg = Release|Any CPU
		{DA5A0C1C-2381-4D4A-8E3A-DAB5D565DA71}.Release|Any CPU.Build.0 = Release|Any CPU
	EndGlobalSection
	GlobalSection(SolutionProperties) = preSolution
		HideSolutionNode = FALSE
	EndGlobalSection
	GlobalSection(ExtensibilityGlobals) = postSolution
		SolutionGuid = {DF8E855A-4545-4EAE-8207-751F9CEFA735}
	EndGlobalSection
EndGlobal
